
Microsoft Visual Studio Solution File, Format Version 12.00
# Visual Studio 2012
Project("{FAE04EC0-301F-11D3-BF4B-00C04F79EFBC}") = "ScriptCs.ClrDiagnostics", "ScriptCs.ClrDiagnostics\ScriptCs.ClrDiagnostics.csproj", "{883241B1-1823-4FDD-A962-8258AB6C8A5D}"
EndProject
Global
	GlobalSection(SolutionConfigurationPlatforms) = preSolution
		Debug|Any CPU = Debug|Any CPU
		Release|Any CPU = Release|Any CPU
	EndGlobalSection
	GlobalSection(ProjectConfigurationPlatforms) = postSolution
		{883241B1-1823-4FDD-A962-8258AB6C8A5D}.Debug|Any CPU.ActiveCfg = Debug|Any CPU
		{883241B1-1823-4FDD-A962-8258AB6C8A5D}.Debug|Any CPU.Build.0 = Debug|Any CPU
		{883241B1-1823-4FDD-A962-8258AB6C8A5D}.Release|Any CPU.ActiveCfg = Release|Any CPU
		{883241B1-1823-4FDD-A962-8258AB6C8A5D}.Release|Any CPU.Build.0 = Release|Any CPU
	EndGlobalSection
	GlobalSection(SolutionProperties) = preSolution
		HideSolutionNode = FALSE
	EndGlobalSection
EndGlobal
